
Microsoft Visual Studio Solution File, Format Version 12.00
# Visual Studio Version 17
VisualStudioVersion = 17.8.34316.72
MinimumVisualStudioVersion = 10.0.40219.1
Project("{9A19103F-16F7-4668-BE54-9A1E7A4F7556}") = "Movie", "Movie\Movie.csproj", "{8005DE77-08A4-41FF-964C-F2189A3BC756}"
EndProject
Project("{2150E333-8FDC-42A3-9474-1A3956D46DE8}") = "Test", "Test", "{44DCED69-9BDE-46F5-9603-55A71D43CFA6}"
EndProject
Project("{2150E333-8FDC-42A3-9474-1A3956D46DE8}") = "Src", "Src", "{C6B5F053-BE17-476B-9855-EA9A0CF71387}"
EndProject
Project("{2150E333-8FDC-42A3-9474-1A3956D46DE8}") = "Application", "Application", "{4935D825-8970-4CB6-B41A-4CA903C0C25A}"
EndProject
Project("{2150E333-8FDC-42A3-9474-1A3956D46DE8}") = "Domain", "Domain", "{76BD9C33-243D-4BA1-8489-FA79651AF780}"
EndProject
Project("{2150E333-8FDC-42A3-9474-1A3956D46DE8}") = "Infrastructure", "Infrastructure", "{99789920-141D-4BE1-8392-8328BBBEB9D0}"
EndProject
Project("{9A19103F-16F7-4668-BE54-9A1E7A4F7556}") = "Infrastructure", "Infrastructure\Infrastructure.csproj", "{53324C79-BDF7-4A22-892E-672E8807621F}"
EndProject
Project("{9A19103F-16F7-4668-BE54-9A1E7A4F7556}") = "Persistance", "Persistance\Persistance.csproj", "{AF7B0A3B-58A6-4F65-B30D-E3BCB2452E95}"
EndProject
Project("{2150E333-8FDC-42A3-9474-1A3956D46DE8}") = "Persentation", "Persentation", "{E9F3634D-17EA-4226-9F85-EFE44ADCDF5F}"
EndProject
Project("{9A19103F-16F7-4668-BE54-9A1E7A4F7556}") = "Application", "Application\Application.csproj", "{9D2FB335-B373-4AF1-A4BB-919794B73DF8}"
EndProject
Project("{9A19103F-16F7-4668-BE54-9A1E7A4F7556}") = "Domain", "Domain\Domain.csproj", "{71C952D5-8156-46F0-ACA3-86FEF2855B5C}"
EndProject
Project("{FAE04EC0-301F-11D3-BF4B-00C04F79EFBC}") = "MovieWebAPITest", "MovieWebAPITest\MovieWebAPITest.csproj", "{5F6C8A22-D600-4209-B6FF-5C7E7EC1B062}"
EndProject
Global
	GlobalSection(SolutionConfigurationPlatforms) = preSolution
		Debug|Any CPU = Debug|Any CPU
		Release|Any CPU = Release|Any CPU
	EndGlobalSection
	GlobalSection(ProjectConfigurationPlatforms) = postSolution
		{8005DE77-08A4-41FF-964C-F2189A3BC756}.Debug|Any CPU.ActiveCfg = Debug|Any CPU
		{8005DE77-08A4-41FF-964C-F2189A3BC756}.Debug|Any CPU.Build.0 = Debug|Any CPU
		{8005DE77-08A4-41FF-964C-F2189A3BC756}.Release|Any CPU.ActiveCfg = Release|Any CPU
		{8005DE77-08A4-41FF-964C-F2189A3BC756}.Release|Any CPU.Build.0 = Release|Any CPU
		{53324C79-BDF7-4A22-892E-672E8807621F}.Debug|Any CPU.ActiveCfg = Debug|Any CPU
		{53324C79-BDF7-4A22-892E-672E8807621F}.Debug|Any CPU.Build.0 = Debug|Any CPU
		{53324C79-BDF7-4A22-892E-672E8807621F}.Release|Any CPU.ActiveCfg = Release|Any CPU
		{53324C79-BDF7-4A22-892E-672E8807621F}.Release|Any CPU.Build.0 = Release|Any CPU
		{AF7B0A3B-58A6-4F65-B30D-E3BCB2452E95}.Debug|Any CPU.ActiveCfg = Debug|Any CPU
		{AF7B0A3B-58A6-4F65-B30D-E3BCB2452E95}.Debug|Any CPU.Build.0 = Debug|Any CPU
		{AF7B0A3B-58A6-4F65-B30D-E3BCB2452E95}.Release|Any CPU.ActiveCfg = Release|Any CPU
		{AF7B0A3B-58A6-4F65-B30D-E3BCB2452E95}.Release|Any CPU.Build.0 = Release|Any CPU
		{9D2FB335-B373-4AF1-A4BB-919794B73DF8}.Debug|Any CPU.ActiveCfg = Debug|Any CPU
		{9D2FB335-B373-4AF1-A4BB-919794B73DF8}.Debug|Any CPU.Build.0 = Debug|Any CPU
		{9D2FB335-B373-4AF1-A4BB-919794B73DF8}.Release|Any CPU.ActiveCfg = Release|Any CPU
		{9D2FB335-B373-4AF1-A4BB-919794B73DF8}.Release|Any CPU.Build.0 = Release|Any CPU
		{71C952D5-8156-46F0-ACA3-86FEF2855B5C}.Debug|Any CPU.ActiveCfg = Debug|Any CPU
		{71C952D5-8156-46F0-ACA3-86FEF2855B5C}.Debug|Any CPU.Build.0 = Debug|Any CPU
		{71C952D5-8156-46F0-ACA3-86FEF2855B5C}.Release|Any CPU.ActiveCfg = Release|Any CPU
		{71C952D5-8156-46F0-ACA3-86FEF2855B5C}.Release|Any CPU.Build.0 = Release|Any CPU
		{5F6C8A22-D600-4209-B6FF-5C7E7EC1B062}.Debug|Any CPU.ActiveCfg = Debug|Any CPU
		{5F6C8A22-D600-4209-B6FF-5C7E7EC1B062}.Debug|Any CPU.Build.0 = Debug|Any CPU
		{5F6C8A22-D600-4209-B6FF-5C7E7EC1B062}.Release|Any CPU.ActiveCfg = Release|Any CPU
		{5F6C8A22-D600-4209-B6FF-5C7E7EC1B062}.Release|Any CPU.Build.0 = Release|Any CPU
	EndGlobalSection
	GlobalSection(SolutionProperties) = preSolution
		HideSolutionNode = FALSE
	EndGlobalSection
	GlobalSection(NestedProjects) = preSolution
		{8005DE77-08A4-41FF-964C-F2189A3BC756} = {E9F3634D-17EA-4226-9F85-EFE44ADCDF5F}
		{4935D825-8970-4CB6-B41A-4CA903C0C25A} = {C6B5F053-BE17-476B-9855-EA9A0CF71387}
		{76BD9C33-243D-4BA1-8489-FA79651AF780} = {C6B5F053-BE17-476B-9855-EA9A0CF71387}
		{99789920-141D-4BE1-8392-8328BBBEB9D0} = {C6B5F053-BE17-476B-9855-EA9A0CF71387}
		{53324C79-BDF7-4A22-892E-672E8807621F} = {99789920-141D-4BE1-8392-8328BBBEB9D0}
		{AF7B0A3B-58A6-4F65-B30D-E3BCB2452E95} = {99789920-141D-4BE1-8392-8328BBBEB9D0}
		{E9F3634D-17EA-4226-9F85-EFE44ADCDF5F} = {C6B5F053-BE17-476B-9855-EA9A0CF71387}
		{9D2FB335-B373-4AF1-A4BB-919794B73DF8} = {4935D825-8970-4CB6-B41A-4CA903C0C25A}
		{71C952D5-8156-46F0-ACA3-86FEF2855B5C} = {76BD9C33-243D-4BA1-8489-FA79651AF780}
		{5F6C8A22-D600-4209-B6FF-5C7E7EC1B062} = {44DCED69-9BDE-46F5-9603-55A71D43CFA6}
	EndGlobalSection
	GlobalSection(ExtensibilityGlobals) = postSolution
		SolutionGuid = {0032255D-F986-4139-9863-D234D221065A}
	EndGlobalSection
EndGlobal
